// !$*UTF8*$!
{
	archiveVersion = 1;
	classes = {
	};
	objectVersion = 56;
	objects = {

/* Begin PBXBuildFile section */
		A1000001 /* 80HDApp.swift in Sources */ = {isa = PBXBuildFile; fileRef = B1000001 /* 80HDApp.swift */; };
		A1000002 /* AppDelegate.swift in Sources */ = {isa = PBXBuildFile; fileRef = B1000002 /* AppDelegate.swift */; };
		A1000010 /* ChatWindowView.swift in Sources */ = {isa = PBXBuildFile; fileRef = B1000010 /* ChatWindowView.swift */; };
		A1000011 /* MenuBarView.swift in Sources */ = {isa = PBXBuildFile; fileRef = B1000011 /* MenuBarView.swift */; };
		A1000012 /* ObservingEyeDashboard.swift in Sources */ = {isa = PBXBuildFile; fileRef = B1000012 /* ObservingEyeDashboard.swift */; };
		A1000020 /* ContextMonitor.swift in Sources */ = {isa = PBXBuildFile; fileRef = B1000020 /* ContextMonitor.swift */; };
		A1000021 /* GitMonitor.swift in Sources */ = {isa = PBXBuildFile; fileRef = B1000021 /* GitMonitor.swift */; };
		A1000022 /* SystemMonitor.swift in Sources */ = {isa = PBXBuildFile; fileRef = B1000022 /* SystemMonitor.swift */; };
		A1000023 /* MonitoringCoordinator.swift in Sources */ = {isa = PBXBuildFile; fileRef = B1000023 /* MonitoringCoordinator.swift */; };
		A1000030 /* ContextSnapshot.swift in Sources */ = {isa = PBXBuildFile; fileRef = B1000030 /* ContextSnapshot.swift */; };
		A1000031 /* WorkSession.swift in Sources */ = {isa = PBXBuildFile; fileRef = B1000031 /* WorkSession.swift */; };
		A1000032 /* WorkMode.swift in Sources */ = {isa = PBXBuildFile; fileRef = B1000032 /* WorkMode.swift */; };
		A1000033 /* AppState.swift in Sources */ = {isa = PBXBuildFile; fileRef = B1000033 /* AppState.swift */; };
		A1000040 /* DatabaseManager.swift in Sources */ = {isa = PBXBuildFile; fileRef = B1000040 /* DatabaseManager.swift */; };
		A1000050 /* Assets.xcassets in Resources */ = {isa = PBXBuildFile; fileRef = B1000050 /* Assets.xcassets */; };
/* End PBXBuildFile section */

/* Begin PBXFileReference section */
		B1000001 /* 80HDApp.swift */ = {isa = PBXFileReference; lastKnownFileType = sourcecode.swift; path = 80HDApp.swift; sourceTree = "<group>"; };
		B1000002 /* AppDelegate.swift */ = {isa = PBXFileReference; lastKnownFileType = sourcecode.swift; path = AppDelegate.swift; sourceTree = "<group>"; };
		B1000010 /* ChatWindowView.swift */ = {isa = PBXFileReference; lastKnownFileType = sourcecode.swift; path = ChatWindowView.swift; sourceTree = "<group>"; };
		B1000011 /* MenuBarView.swift */ = {isa = PBXFileReference; lastKnownFileType = sourcecode.swift; path = MenuBarView.swift; sourceTree = "<group>"; };
		B1000012 /* ObservingEyeDashboard.swift */ = {isa = PBXFileReference; lastKnownFileType = sourcecode.swift; path = ObservingEyeDashboard.swift; sourceTree = "<group>"; };
		B1000020 /* ContextMonitor.swift */ = {isa = PBXFileReference; lastKnownFileType = sourcecode.swift; path = ContextMonitor.swift; sourceTree = "<group>"; };
		B1000021 /* GitMonitor.swift */ = {isa = PBXFileReference; lastKnownFileType = sourcecode.swift; path = GitMonitor.swift; sourceTree = "<group>"; };
		B1000022 /* SystemMonitor.swift */ = {isa = PBXFileReference; lastKnownFileType = sourcecode.swift; path = SystemMonitor.swift; sourceTree = "<group>"; };
		B1000023 /* MonitoringCoordinator.swift */ = {isa = PBXFileReference; lastKnownFileType = sourcecode.swift; path = MonitoringCoordinator.swift; sourceTree = "<group>"; };
		B1000030 /* ContextSnapshot.swift */ = {isa = PBXFileReference; lastKnownFileType = sourcecode.swift; path = ContextSnapshot.swift; sourceTree = "<group>"; };
		B1000031 /* WorkSession.swift */ = {isa = PBXFileReference; lastKnownFileType = sourcecode.swift; path = WorkSession.swift; sourceTree = "<group>"; };
		B1000032 /* WorkMode.swift */ = {isa = PBXFileReference; lastKnownFileType = sourcecode.swift; path = WorkMode.swift; sourceTree = "<group>"; };
		B1000033 /* AppState.swift */ = {isa = PBXFileReference; lastKnownFileType = sourcecode.swift; path = AppState.swift; sourceTree = "<group>"; };
		B1000040 /* DatabaseManager.swift */ = {isa = PBXFileReference; lastKnownFileType = sourcecode.swift; path = DatabaseManager.swift; sourceTree = "<group>"; };
		B1000050 /* Assets.xcassets */ = {isa = PBXFileReference; lastKnownFileType = folder.assetcatalog; path = Assets.xcassets; sourceTree = "<group>"; };
		B1000051 /* 80HD.entitlements */ = {isa = PBXFileReference; lastKnownFileType = text.plist.entitlements; path = 80HD.entitlements; sourceTree = "<group>"; };
		B1000052 /* Info.plist */ = {isa = PBXFileReference; lastKnownFileType = text.plist.xml; path = Info.plist; sourceTree = "<group>"; };
		C1000001 /* 80HD.app */ = {isa = PBXFileReference; explicitFileType = wrapper.application; includeInIndex = 0; path = 80HD.app; sourceTree = BUILT_PRODUCTS_DIR; };
/* End PBXFileReference section */

/* Begin PBXFrameworksBuildPhase section */
		D1000001 /* Frameworks */ = {
			isa = PBXFrameworksBuildPhase;
			buildActionMask = 2147483647;
			files = (
			);
			runOnlyForDeploymentPostprocessing = 0;
		};
/* End PBXFrameworksBuildPhase section */

/* Begin PBXGroup section */
		E1000000 = {
			isa = PBXGroup;
			children = (
				E1000001 /* macos */,
				E1000099 /* Products */,
			);
			sourceTree = "<group>";
		};
		E1000001 /* macos */ = {
			isa = PBXGroup;
			children = (
				B1000001 /* 80HDApp.swift */,
				B1000002 /* AppDelegate.swift */,
				E1000010 /* Views */,
				E1000020 /* Monitors */,
				E1000030 /* Models */,
				E1000040 /* Database */,
				E1000050 /* Resources */,
			);
			path = macos;
			sourceTree = "<group>";
		};
		E1000010 /* Views */ = {
			isa = PBXGroup;
			children = (
				B1000010 /* ChatWindowView.swift */,
				B1000011 /* MenuBarView.swift */,
				B1000012 /* ObservingEyeDashboard.swift */,
			);
			path = Views;
			sourceTree = "<group>";
		};
		E1000020 /* Monitors */ = {
			isa = PBXGroup;
			children = (
				B1000020 /* ContextMonitor.swift */,
				B1000021 /* GitMonitor.swift */,
				B1000022 /* SystemMonitor.swift */,
				B1000023 /* MonitoringCoordinator.swift */,
			);
			path = Monitors;
			sourceTree = "<group>";
		};
		E1000030 /* Models */ = {
			isa = PBXGroup;
			children = (
				B1000030 /* ContextSnapshot.swift */,
				B1000031 /* WorkSession.swift */,
				B1000032 /* WorkMode.swift */,
				B1000033 /* AppState.swift */,
			);
			path = Models;
			sourceTree = "<group>";
		};
		E1000040 /* Database */ = {
			isa = PBXGroup;
			children = (
				B1000040 /* DatabaseManager.swift */,
			);
			path = Database;
			sourceTree = "<group>";
		};
		E1000050 /* Resources */ = {
			isa = PBXGroup;
			children = (
				B1000050 /* Assets.xcassets */,
				B1000051 /* 80HD.entitlements */,
				B1000052 /* Info.plist */,
			);
			path = Resources;
			sourceTree = "<group>";
		};
		E1000099 /* Products */ = {
			isa = PBXGroup;
			children = (
				C1000001 /* 80HD.app */,
			);
			name = Products;
			sourceTree = "<group>";
		};
/* End PBXGroup section */

/* Begin PBXNativeTarget section */
		F1000001 /* 80HD */ = {
			isa = PBXNativeTarget;
			buildConfigurationList = G1000001 /* Build configuration list for PBXNativeTarget "80HD" */;
			buildPhases = (
				F1000010 /* Sources */,
				D1000001 /* Frameworks */,
				F1000020 /* Resources */,
			);
			buildRules = (
			);
			dependencies = (
			);
			name = 80HD;
			productName = 80HD;
			productReference = C1000001 /* 80HD.app */;
			productType = "com.apple.product-type.application";
		};
/* End PBXNativeTarget section */

/* Begin PBXProject section */
		089C1665FE841209C02AAC07 /* Project object */ = {
			isa = PBXProject;
			attributes = {
				BuildIndependentTargetsInParallel = 1;
				LastSwiftUpdateCheck = 1500;
				LastUpgradeCheck = 1500;
				TargetAttributes = {
					F1000001 = {
						CreatedOnToolsVersion = 15.0;
					};
				};
			};
			buildConfigurationList = G1000000 /* Build configuration list for PBXProject "80HD" */;
			compatibilityVersion = "Xcode 14.0";
			developmentRegion = en;
			hasScannedForEncodings = 0;
			knownRegions = (
				en,
				Base,
			);
			mainGroup = E1000000;
			productRefGroup = E1000099 /* Products */;
			projectDirPath = "";
			projectRoot = "";
			targets = (
				F1000001 /* 80HD */,
			);
		};
/* End PBXProject section */

/* Begin PBXResourcesBuildPhase section */
		F1000020 /* Resources */ = {
			isa = PBXResourcesBuildPhase;
			buildActionMask = 2147483647;
			files = (
				A1000050 /* Assets.xcassets in Resources */,
			);
			runOnlyForDeploymentPostprocessing = 0;
		};
/* End PBXResourcesBuildPhase section */

/* Begin PBXSourcesBuildPhase section */
		F1000010 /* Sources */ = {
			isa = PBXSourcesBuildPhase;
			buildActionMask = 2147483647;
			files = (
				A1000001 /* 80HDApp.swift in Sources */,
				A1000002 /* AppDelegate.swift in Sources */,
				A1000010 /* ChatWindowView.swift in Sources */,
				A1000011 /* MenuBarView.swift in Sources */,
				A1000012 /* ObservingEyeDashboard.swift in Sources */,
				A1000020 /* ContextMonitor.swift in Sources */,
				A1000021 /* GitMonitor.swift in Sources */,
				A1000022 /* SystemMonitor.swift in Sources */,
				A1000023 /* MonitoringCoordinator.swift in Sources */,
				A1000030 /* ContextSnapshot.swift in Sources */,
				A1000031 /* WorkSession.swift in Sources */,
				A1000032 /* WorkMode.swift in Sources */,
				A1000033 /* AppState.swift in Sources */,
				A1000040 /* DatabaseManager.swift in Sources */,
			);
			runOnlyForDeploymentPostprocessing = 0;
		};
/* End PBXSourcesBuildPhase section */

/* Begin XCBuildConfiguration section */
		H1000001 /* Debug */ = {
			isa = XCBuildConfiguration;
			buildSettings = {
				ALWAYS_SEARCH_USER_PATHS = NO;
				ASSETCATALOG_COMPILER_GENERATE_SWIFT_ASSET_SYMBOL_EXTENSIONS = YES;
				CLANG_ANALYZER_NONNULL = YES;
				CLANG_ANALYZER_NUMBER_OBJECT_CONVERSION = YES_AGGRESSIVE;
				CLANG_CXX_LANGUAGE_STANDARD = "gnu++20";
				CLANG_ENABLE_MODULES = YES;
				CLANG_ENABLE_OBJC_ARC = YES;
				CLANG_ENABLE_OBJC_WEAK = YES;
				CLANG_WARN_BLOCK_CAPTURE_AUTORELEASING = YES;
				CLANG_WARN_BOOL_CONVERSION = YES;
				CLANG_WARN_COMMA = YES;
				CLANG_WARN_CONSTANT_CONVERSION = YES;
				CLANG_WARN_DEPRECATED_OBJC_IMPLEMENTATIONS = YES;
				CLANG_WARN_DIRECT_OBJC_ISA_USAGE = YES_ERROR;
				CLANG_WARN_DOCUMENTATION_COMMENTS = YES;
				CLANG_WARN_EMPTY_BODY = YES;
				CLANG_WARN_ENUM_CONVERSION = YES;
				CLANG_WARN_INFINITE_RECURSION = YES;
				CLANG_WARN_INT_CONVERSION = YES;
				CLANG_WARN_NON_LITERAL_NULL_CONVERSION = YES;
				CLANG_WARN_OBJC_IMPLICIT_RETAIN_SELF = YES;
				CLANG_WARN_OBJC_LITERAL_CONVERSION = YES;
				CLANG_WARN_OBJC_ROOT_CLASS = YES_ERROR;
				CLANG_WARN_QUOTED_INCLUDE_IN_FRAMEWORK_HEADER = YES;
				CLANG_WARN_RANGE_LOOP_ANALYSIS = YES;
				CLANG_WARN_STRICT_PROTOTYPES = YES;
				CLANG_WARN_SUSPICIOUS_MOVE = YES;
				CLANG_WARN_UNGUARDED_AVAILABILITY = YES_AGGRESSIVE;
				CLANG_WARN_UNREACHABLE_CODE = YES;
				CLANG_WARN__DUPLICATE_METHOD_MATCH = YES;
				COPY_PHASE_STRIP = NO;
				DEBUG_INFORMATION_FORMAT = dwarf;
				ENABLE_STRICT_OBJC_MSGSEND = YES;
				ENABLE_TESTABILITY = YES;
				ENABLE_USER_SCRIPT_SANDBOXING = YES;
				GCC_C_LANGUAGE_STANDARD = gnu17;
				GCC_DYNAMIC_NO_PIC = NO;
				GCC_NO_COMMON_BLOCKS = YES;
				GCC_OPTIMIZATION_LEVEL = 0;
				GCC_PREPROCESSOR_DEFINITIONS = (
					"DEBUG=1",
					"$(inherited)",
				);
				GCC_WARN_64_TO_32_BIT_CONVERSION = YES;
				GCC_WARN_ABOUT_RETURN_TYPE = YES_ERROR;
				GCC_WARN_UNDECLARED_SELECTOR = YES;
				GCC_WARN_UNINITIALIZED_AUTOS = YES_AGGRESSIVE;
				GCC_WARN_UNUSED_FUNCTION = YES;
				GCC_WARN_UNUSED_VARIABLE = YES;
				LOCALIZATION_PREFERS_STRING_CATALOGS = YES;
				MACOSX_DEPLOYMENT_TARGET = 14.0;
				MTL_ENABLE_DEBUG_INFO = INCLUDE_SOURCE;
				MTL_FAST_MATH = YES;
				ONLY_ACTIVE_ARCH = YES;
				SDKROOT = macosx;
				SWIFT_ACTIVE_COMPILATION_CONDITIONS = "DEBUG $(inherited)";
				SWIFT_OPTIMIZATION_LEVEL = "-Onone";
			};
			name = Debug;
		};
		H1000002 /* Release */ = {
			isa = XCBuildConfiguration;
			buildSettings = {
				ALWAYS_SEARCH_USER_PATHS = NO;
				ASSETCATALOG_COMPILER_GENERATE_SWIFT_ASSET_SYMBOL_EXTENSIONS = YES;
				CLANG_ANALYZER_NONNULL = YES;
				CLANG_ANALYZER_NUMBER_OBJECT_CONVERSION = YES_AGGRESSIVE;
				CLANG_CXX_LANGUAGE_STANDARD = "gnu++20";
				CLANG_ENABLE_MODULES = YES;
				CLANG_ENABLE_OBJC_ARC = YES;
				CLANG_ENABLE_OBJC_WEAK = YES;
				CLANG_WARN_BLOCK_CAPTURE_AUTORELEASING = YES;
				CLANG_WARN_BOOL_CONVERSION = YES;
				CLANG_WARN_COMMA = YES;
				CLANG_WARN_CONSTANT_CONVERSION = YES;
				CLANG_WARN_DEPRECATED_OBJC_IMPLEMENTATIONS = YES;
				CLANG_WARN_DIRECT_OBJC_ISA_USAGE = YES_ERROR;
				CLANG_WARN_DOCUMENTATION_COMMENTS = YES;
				CLANG_WARN_EMPTY_BODY = YES;
				CLANG_WARN_ENUM_CONVERSION = YES;
				CLANG_WARN_INFINITE_RECURSION = YES;
				CLANG_WARN_INT_CONVERSION = YES;
				CLANG_WARN_NON_LITERAL_NULL_CONVERSION = YES;
				CLANG_WARN_OBJC_IMPLICIT_RETAIN_SELF = YES;
				CLANG_WARN_OBJC_LITERAL_CONVERSION = YES;
				CLANG_WARN_OBJC_ROOT_CLASS = YES_ERROR;
				CLANG_WARN_QUOTED_INCLUDE_IN_FRAMEWORK_HEADER = YES;
				CLANG_WARN_RANGE_LOOP_ANALYSIS = YES;
				CLANG_WARN_STRICT_PROTOTYPES = YES;
				CLANG_WARN_SUSPICIOUS_MOVE = YES;
				CLANG_WARN_UNGUARDED_AVAILABILITY = YES_AGGRESSIVE;
				CLANG_WARN_UNREACHABLE_CODE = YES;
				CLANG_WARN__DUPLICATE_METHOD_MATCH = YES;
				COPY_PHASE_STRIP = NO;
				DEBUG_INFORMATION_FORMAT = "dwarf-with-dsym";
				ENABLE_NS_ASSERTIONS = NO;
				ENABLE_STRICT_OBJC_MSGSEND = YES;
				ENABLE_USER_SCRIPT_SANDBOXING = YES;
				GCC_C_LANGUAGE_STANDARD = gnu17;
				GCC_NO_COMMON_BLOCKS = YES;
				GCC_WARN_64_TO_32_BIT_CONVERSION = YES;
				GCC_WARN_ABOUT_RETURN_TYPE = YES_ERROR;
				GCC_WARN_UNDECLARED_SELECTOR = YES;
				GCC_WARN_UNINITIALIZED_AUTOS = YES_AGGRESSIVE;
				GCC_WARN_UNUSED_FUNCTION = YES;
				GCC_WARN_UNUSED_VARIABLE = YES;
				LOCALIZATION_PREFERS_STRING_CATALOGS = YES;
				MACOSX_DEPLOYMENT_TARGET = 14.0;
				MTL_ENABLE_DEBUG_INFO = NO;
				MTL_FAST_MATH = YES;
				SDKROOT = macosx;
				SWIFT_COMPILATION_MODE = wholemodule;
			};
			name = Release;
		};
		H1000011 /* Debug */ = {
			isa = XCBuildConfiguration;
			buildSettings = {
				ASSETCATALOG_COMPILER_APPICON_NAME = AppIcon;
				ASSETCATALOG_COMPILER_GLOBAL_ACCENT_COLOR_NAME = AccentColor;
				CODE_SIGN_ENTITLEMENTS = macos/Resources/80HD.entitlements;
				CODE_SIGN_STYLE = Automatic;
				COMBINE_HIDPI_IMAGES = YES;
				CURRENT_PROJECT_VERSION = 1;
				DEVELOPMENT_TEAM = Y9UBU7RDAQ;
				ENABLE_HARDENED_RUNTIME = YES;
				GENERATE_INFOPLIST_FILE = NO;
				INFOPLIST_FILE = macos/Resources/Info.plist;
				INFOPLIST_KEY_LSApplicationCategoryType = "public.app-category.productivity";
				INFOPLIST_KEY_LSUIElement = YES;
				INFOPLIST_KEY_NSHumanReadableCopyright = "Copyright © 2026 Travis Edgar. All rights reserved.";
				LD_RUNPATH_SEARCH_PATHS = (
					"$(inherited)",
					"@executable_path/../Frameworks",
				);
				MARKETING_VERSION = 0.1.0;
				PRODUCT_BUNDLE_IDENTIFIER = com.80hd.app;
				PRODUCT_NAME = "$(TARGET_NAME)";
				SWIFT_EMIT_LOC_STRINGS = YES;
				SWIFT_VERSION = 5.0;
			};
			name = Debug;
		};
		H1000012 /* Release */ = {
			isa = XCBuildConfiguration;
			buildSettings = {
				ASSETCATALOG_COMPILER_APPICON_NAME = AppIcon;
				ASSETCATALOG_COMPILER_GLOBAL_ACCENT_COLOR_NAME = AccentColor;
				CODE_SIGN_ENTITLEMENTS = macos/Resources/80HD.entitlements;
				CODE_SIGN_STYLE = Automatic;
				COMBINE_HIDPI_IMAGES = YES;
				CURRENT_PROJECT_VERSION = 1;
				DEVELOPMENT_TEAM = Y9UBU7RDAQ;
				ENABLE_HARDENED_RUNTIME = YES;
				GENERATE_INFOPLIST_FILE = NO;
				INFOPLIST_FILE = macos/Resources/Info.plist;
				INFOPLIST_KEY_LSApplicationCategoryType = "public.app-category.productivity";
				INFOPLIST_KEY_LSUIElement = YES;
				INFOPLIST_KEY_NSHumanReadableCopyright = "Copyright © 2026 Travis Edgar. All rights reserved.";
				LD_RUNPATH_SEARCH_PATHS = (
					"$(inherited)",
					"@executable_path/../Frameworks",
				);
				MARKETING_VERSION = 0.1.0;
				PRODUCT_BUNDLE_IDENTIFIER = com.80hd.app;
				PRODUCT_NAME = "$(TARGET_NAME)";
				SWIFT_EMIT_LOC_STRINGS = YES;
				SWIFT_VERSION = 5.0;
			};
			name = Release;
		};
/* End XCBuildConfiguration section */

/* Begin XCConfigurationList section */
		G1000000 /* Build configuration list for PBXProject "80HD" */ = {
			isa = XCConfigurationList;
			buildConfigurations = (
				H1000001 /* Debug */,
				H1000002 /* Release */,
			);
			defaultConfigurationIsVisible = 0;
			defaultConfigurationName = Release;
		};
		G1000001 /* Build configuration list for PBXNativeTarget "80HD" */ = {
			isa = XCConfigurationList;
			buildConfigurations = (
				H1000011 /* Debug */,
				H1000012 /* Release */,
			);
			defaultConfigurationIsVisible = 0;
			defaultConfigurationName = Release;
		};
/* End XCConfigurationList section */
	};
	rootObject = 089C1665FE841209C02AAC07 /* Project object */;
}
